
Microsoft Visual Studio Solution File, Format Version 9.00
# Visual Studio 2005
Project("{F184B08F-C81C-45F6-A57F-5ABD9991F28F}") = "Modulo Roteiro", "Modulo Roteiro.vbproj", "{7B677FF6-F85B-4CB2-8FA9-9769951E4BD2}"
EndProject
Global
	GlobalSection(SolutionConfigurationPlatforms) = preSolution
		Debug|Any CPU = Debug|Any CPU
		Release|Any CPU = Release|Any CPU
	EndGlobalSection
	GlobalSection(ProjectConfigurationPlatforms) = postSolution
		{7B677FF6-F85B-4CB2-8FA9-9769951E4BD2}.Debug|Any CPU.ActiveCfg = Debug|Any CPU
		{7B677FF6-F85B-4CB2-8FA9-9769951E4BD2}.Debug|Any CPU.Build.0 = Debug|Any CPU
		{7B677FF6-F85B-4CB2-8FA9-9769951E4BD2}.Release|Any CPU.ActiveCfg = Release|Any CPU
		{7B677FF6-F85B-4CB2-8FA9-9769951E4BD2}.Release|Any CPU.Build.0 = Release|Any CPU
	EndGlobalSection
	GlobalSection(SolutionProperties) = preSolution
		HideSolutionNode = FALSE
	EndGlobalSection
EndGlobal
